
Microsoft Visual Studio Solution File, Format Version 12.00
# Visual Studio Version 17
VisualStudioVersion = 17.6.33815.320
MinimumVisualStudioVersion = 10.0.40219.1
Project("{FAE04EC0-301F-11D3-BF4B-00C04F79EFBC}") = "Insertionsort1.23", "Insertionsort1.23.csproj", "{C9BE3CED-2856-454A-8E56-9EFFB955D842}"
EndProject
Global
	GlobalSection(SolutionConfigurationPlatforms) = preSolution
		Debug|Any CPU = Debug|Any CPU
		Release|Any CPU = Release|Any CPU
	EndGlobalSection
	GlobalSection(ProjectConfigurationPlatforms) = postSolution
		{C9BE3CED-2856-454A-8E56-9EFFB955D842}.Debug|Any CPU.ActiveCfg = Debug|Any CPU
		{C9BE3CED-2856-454A-8E56-9EFFB955D842}.Debug|Any CPU.Build.0 = Debug|Any CPU
		{C9BE3CED-2856-454A-8E56-9EFFB955D842}.Release|Any CPU.ActiveCfg = Release|Any CPU
		{C9BE3CED-2856-454A-8E56-9EFFB955D842}.Release|Any CPU.Build.0 = Release|Any CPU
	EndGlobalSection
	GlobalSection(SolutionProperties) = preSolution
		HideSolutionNode = FALSE
	EndGlobalSection
	GlobalSection(ExtensibilityGlobals) = postSolution
		SolutionGuid = {8B8CEB4C-9186-43D1-B6DE-8D0D569A2F3F}
	EndGlobalSection
EndGlobal
